// !$*UTF8*$!
{
	archiveVersion = 1;
	classes = {
	};
	objectVersion = 50;
	objects = {

/* Begin PBXBuildFile section */
		8457D63F233B43C40066FF78 /* AppDelegate.swift in Sources */ = {isa = PBXBuildFile; fileRef = 8457D63E233B43C40066FF78 /* AppDelegate.swift */; };
		8457D641233B43C40066FF78 /* ViewController.swift in Sources */ = {isa = PBXBuildFile; fileRef = 8457D640233B43C40066FF78 /* ViewController.swift */; };
		8457D644233B43C40066FF78 /* Main.storyboard in Resources */ = {isa = PBXBuildFile; fileRef = 8457D642233B43C40066FF78 /* Main.storyboard */; };
		8457D646233B43C60066FF78 /* Assets.xcassets in Resources */ = {isa = PBXBuildFile; fileRef = 8457D645233B43C60066FF78 /* Assets.xcassets */; };
		8457D649233B43C60066FF78 /* LaunchScreen.storyboard in Resources */ = {isa = PBXBuildFile; fileRef = 8457D647233B43C60066FF78 /* LaunchScreen.storyboard */; };
		8457D654233B43C60066FF78 /* Imagure_projectTests.swift in Sources */ = {isa = PBXBuildFile; fileRef = 8457D653233B43C60066FF78 /* Imagure_projectTests.swift */; };
		8457D65F233B43E10066FF78 /* ImgurCell.swift in Sources */ = {isa = PBXBuildFile; fileRef = 8457D65E233B43E10066FF78 /* ImgurCell.swift */; };
		8457D661233B43EC0066FF78 /* NetworkingService.swift in Sources */ = {isa = PBXBuildFile; fileRef = 8457D660233B43EC0066FF78 /* NetworkingService.swift */; };
		8457D663233B43F50066FF78 /* GetImgursResponse.swift in Sources */ = {isa = PBXBuildFile; fileRef = 8457D662233B43F50066FF78 /* GetImgursResponse.swift */; };
		8457D665233B44050066FF78 /* Imgur.swift in Sources */ = {isa = PBXBuildFile; fileRef = 8457D664233B44050066FF78 /* Imgur.swift */; };
		8457D667233B44160066FF78 /* MyError.swift in Sources */ = {isa = PBXBuildFile; fileRef = 8457D666233B44160066FF78 /* MyError.swift */; };
		8457D669233B44260066FF78 /* ImageCache.swift in Sources */ = {isa = PBXBuildFile; fileRef = 8457D668233B44260066FF78 /* ImageCache.swift */; };
/* End PBXBuildFile section */

/* Begin PBXContainerItemProxy section */
		8457D650233B43C60066FF78 /* PBXContainerItemProxy */ = {
			isa = PBXContainerItemProxy;
			containerPortal = 8457D633233B43C40066FF78 /* Project object */;
			proxyType = 1;
			remoteGlobalIDString = 8457D63A233B43C40066FF78;
			remoteInfo = Imagure_project;
		};
/* End PBXContainerItemProxy section */

/* Begin PBXFileReference section */
		8457D63B233B43C40066FF78 /* Imagure_project.app */ = {isa = PBXFileReference; explicitFileType = wrapper.application; includeInIndex = 0; path = Imagure_project.app; sourceTree = BUILT_PRODUCTS_DIR; };
		8457D63E233B43C40066FF78 /* AppDelegate.swift */ = {isa = PBXFileReference; lastKnownFileType = sourcecode.swift; path = AppDelegate.swift; sourceTree = "<group>"; };
		8457D640233B43C40066FF78 /* ViewController.swift */ = {isa = PBXFileReference; lastKnownFileType = sourcecode.swift; path = ViewController.swift; sourceTree = "<group>"; };
		8457D643233B43C40066FF78 /* Base */ = {isa = PBXFileReference; lastKnownFileType = file.storyboard; name = Base; path = Base.lproj/Main.storyboard; sourceTree = "<group>"; };
		8457D645233B43C60066FF78 /* Assets.xcassets */ = {isa = PBXFileReference; lastKnownFileType = folder.assetcatalog; path = Assets.xcassets; sourceTree = "<group>"; };
		8457D648233B43C60066FF78 /* Base */ = {isa = PBXFileReference; lastKnownFileType = file.storyboard; name = Base; path = Base.lproj/LaunchScreen.storyboard; sourceTree = "<group>"; };
		8457D64A233B43C60066FF78 /* Info.plist */ = {isa = PBXFileReference; lastKnownFileType = text.plist.xml; path = Info.plist; sourceTree = "<group>"; };
		8457D64F233B43C60066FF78 /* Imagure_projectTests.xctest */ = {isa = PBXFileReference; explicitFileType = wrapper.cfbundle; includeInIndex = 0; path = Imagure_projectTests.xctest; sourceTree = BUILT_PRODUCTS_DIR; };
		8457D653233B43C60066FF78 /* Imagure_projectTests.swift */ = {isa = PBXFileReference; lastKnownFileType = sourcecode.swift; path = Imagure_projectTests.swift; sourceTree = "<group>"; };
		8457D655233B43C60066FF78 /* Info.plist */ = {isa = PBXFileReference; lastKnownFileType = text.plist.xml; path = Info.plist; sourceTree = "<group>"; };
		8457D65E233B43E10066FF78 /* ImgurCell.swift */ = {isa = PBXFileReference; fileEncoding = 4; lastKnownFileType = sourcecode.swift; path = ImgurCell.swift; sourceTree = "<group>"; };
		8457D660233B43EC0066FF78 /* NetworkingService.swift */ = {isa = PBXFileReference; fileEncoding = 4; lastKnownFileType = sourcecode.swift; path = NetworkingService.swift; sourceTree = "<group>"; };
		8457D662233B43F50066FF78 /* GetImgursResponse.swift */ = {isa = PBXFileReference; fileEncoding = 4; lastKnownFileType = sourcecode.swift; path = GetImgursResponse.swift; sourceTree = "<group>"; };
		8457D664233B44050066FF78 /* Imgur.swift */ = {isa = PBXFileReference; fileEncoding = 4; lastKnownFileType = sourcecode.swift; path = Imgur.swift; sourceTree = "<group>"; };
		8457D666233B44160066FF78 /* MyError.swift */ = {isa = PBXFileReference; fileEncoding = 4; lastKnownFileType = sourcecode.swift; path = MyError.swift; sourceTree = "<group>"; };
		8457D668233B44260066FF78 /* ImageCache.swift */ = {isa = PBXFileReference; fileEncoding = 4; lastKnownFileType = sourcecode.swift; path = ImageCache.swift; sourceTree = "<group>"; };
/* End PBXFileReference section */

/* Begin PBXFrameworksBuildPhase section */
		8457D638233B43C40066FF78 /* Frameworks */ = {
			isa = PBXFrameworksBuildPhase;
			buildActionMask = 2147483647;
			files = (
			);
			runOnlyForDeploymentPostprocessing = 0;
		};
		8457D64C233B43C60066FF78 /* Frameworks */ = {
			isa = PBXFrameworksBuildPhase;
			buildActionMask = 2147483647;
			files = (
			);
			runOnlyForDeploymentPostprocessing = 0;
		};
/* End PBXFrameworksBuildPhase section */

/* Begin PBXGroup section */
		8457D632233B43C40066FF78 = {
			isa = PBXGroup;
			children = (
				8457D63D233B43C40066FF78 /* Imagure_project */,
				8457D652233B43C60066FF78 /* Imagure_projectTests */,
				8457D63C233B43C40066FF78 /* Products */,
			);
			sourceTree = "<group>";
		};
		8457D63C233B43C40066FF78 /* Products */ = {
			isa = PBXGroup;
			children = (
				8457D63B233B43C40066FF78 /* Imagure_project.app */,
				8457D64F233B43C60066FF78 /* Imagure_projectTests.xctest */,
			);
			name = Products;
			sourceTree = "<group>";
		};
		8457D63D233B43C40066FF78 /* Imagure_project */ = {
			isa = PBXGroup;
			children = (
				8457D63E233B43C40066FF78 /* AppDelegate.swift */,
				8457D65E233B43E10066FF78 /* ImgurCell.swift */,
				8457D640233B43C40066FF78 /* ViewController.swift */,
				8457D66D233B66250066FF78 /* Networking */,
				8457D66C233B65D30066FF78 /* Cache Files */,
				8457D66A233B65820066FF78 /* Model */,
				8457D66B233B659A0066FF78 /* Error_enum */,
				8457D642233B43C40066FF78 /* Main.storyboard */,
				8457D645233B43C60066FF78 /* Assets.xcassets */,
				8457D647233B43C60066FF78 /* LaunchScreen.storyboard */,
				8457D64A233B43C60066FF78 /* Info.plist */,
			);
			path = Imagure_project;
			sourceTree = "<group>";
		};
		8457D652233B43C60066FF78 /* Imagure_projectTests */ = {
			isa = PBXGroup;
			children = (
				8457D653233B43C60066FF78 /* Imagure_projectTests.swift */,
				8457D655233B43C60066FF78 /* Info.plist */,
			);
			path = Imagure_projectTests;
			sourceTree = "<group>";
		};
		8457D66A233B65820066FF78 /* Model */ = {
			isa = PBXGroup;
			children = (
				8457D662233B43F50066FF78 /* GetImgursResponse.swift */,
				8457D664233B44050066FF78 /* Imgur.swift */,
			);
			path = Model;
			sourceTree = "<group>";
		};
		8457D66B233B659A0066FF78 /* Error_enum */ = {
			isa = PBXGroup;
			children = (
				8457D666233B44160066FF78 /* MyError.swift */,
			);
			path = Error_enum;
			sourceTree = "<group>";
		};
		8457D66C233B65D30066FF78 /* Cache Files */ = {
			isa = PBXGroup;
			children = (
				8457D668233B44260066FF78 /* ImageCache.swift */,
			);
			path = "Cache Files";
			sourceTree = "<group>";
		};
		8457D66D233B66250066FF78 /* Networking */ = {
			isa = PBXGroup;
			children = (
				8457D660233B43EC0066FF78 /* NetworkingService.swift */,
			);
			path = Networking;
			sourceTree = "<group>";
		};
/* End PBXGroup section */

/* Begin PBXNativeTarget section */
		8457D63A233B43C40066FF78 /* Imagure_project */ = {
			isa = PBXNativeTarget;
			buildConfigurationList = 8457D658233B43C60066FF78 /* Build configuration list for PBXNativeTarget "Imagure_project" */;
			buildPhases = (
				8457D637233B43C40066FF78 /* Sources */,
				8457D638233B43C40066FF78 /* Frameworks */,
				8457D639233B43C40066FF78 /* Resources */,
			);
			buildRules = (
			);
			dependencies = (
			);
			name = Imagure_project;
			productName = Imagure_project;
			productReference = 8457D63B233B43C40066FF78 /* Imagure_project.app */;
			productType = "com.apple.product-type.application";
		};
		8457D64E233B43C60066FF78 /* Imagure_projectTests */ = {
			isa = PBXNativeTarget;
			buildConfigurationList = 8457D65B233B43C60066FF78 /* Build configuration list for PBXNativeTarget "Imagure_projectTests" */;
			buildPhases = (
				8457D64B233B43C60066FF78 /* Sources */,
				8457D64C233B43C60066FF78 /* Frameworks */,
				8457D64D233B43C60066FF78 /* Resources */,
			);
			buildRules = (
			);
			dependencies = (
				8457D651233B43C60066FF78 /* PBXTargetDependency */,
			);
			name = Imagure_projectTests;
			productName = Imagure_projectTests;
			productReference = 8457D64F233B43C60066FF78 /* Imagure_projectTests.xctest */;
			productType = "com.apple.product-type.bundle.unit-test";
		};
/* End PBXNativeTarget section */

/* Begin PBXProject section */
		8457D633233B43C40066FF78 /* Project object */ = {
			isa = PBXProject;
			attributes = {
				LastSwiftUpdateCheck = 1020;
				LastUpgradeCheck = 1020;
				ORGANIZATIONNAME = Appinventiv;
				TargetAttributes = {
					8457D63A233B43C40066FF78 = {
						CreatedOnToolsVersion = 10.2.1;
					};
					8457D64E233B43C60066FF78 = {
						CreatedOnToolsVersion = 10.2.1;
						TestTargetID = 8457D63A233B43C40066FF78;
					};
				};
			};
			buildConfigurationList = 8457D636233B43C40066FF78 /* Build configuration list for PBXProject "Imagure_project" */;
			compatibilityVersion = "Xcode 9.3";
			developmentRegion = en;
			hasScannedForEncodings = 0;
			knownRegions = (
				en,
				Base,
			);
			mainGroup = 8457D632233B43C40066FF78;
			productRefGroup = 8457D63C233B43C40066FF78 /* Products */;
			projectDirPath = "";
			projectRoot = "";
			targets = (
				8457D63A233B43C40066FF78 /* Imagure_project */,
				8457D64E233B43C60066FF78 /* Imagure_projectTests */,
			);
		};
/* End PBXProject section */

/* Begin PBXResourcesBuildPhase section */
		8457D639233B43C40066FF78 /* Resources */ = {
			isa = PBXResourcesBuildPhase;
			buildActionMask = 2147483647;
			files = (
				8457D649233B43C60066FF78 /* LaunchScreen.storyboard in Resources */,
				8457D646233B43C60066FF78 /* Assets.xcassets in Resources */,
				8457D644233B43C40066FF78 /* Main.storyboard in Resources */,
			);
			runOnlyForDeploymentPostprocessing = 0;
		};
		8457D64D233B43C60066FF78 /* Resources */ = {
			isa = PBXResourcesBuildPhase;
			buildActionMask = 2147483647;
			files = (
			);
			runOnlyForDeploymentPostprocessing = 0;
		};
/* End PBXResourcesBuildPhase section */

/* Begin PBXSourcesBuildPhase section */
		8457D637233B43C40066FF78 /* Sources */ = {
			isa = PBXSourcesBuildPhase;
			buildActionMask = 2147483647;
			files = (
				8457D641233B43C40066FF78 /* ViewController.swift in Sources */,
				8457D667233B44160066FF78 /* MyError.swift in Sources */,
				8457D669233B44260066FF78 /* ImageCache.swift in Sources */,
				8457D663233B43F50066FF78 /* GetImgursResponse.swift in Sources */,
				8457D63F233B43C40066FF78 /* AppDelegate.swift in Sources */,
				8457D65F233B43E10066FF78 /* ImgurCell.swift in Sources */,
				8457D665233B44050066FF78 /* Imgur.swift in Sources */,
				8457D661233B43EC0066FF78 /* NetworkingService.swift in Sources */,
			);
			runOnlyForDeploymentPostprocessing = 0;
		};
		8457D64B233B43C60066FF78 /* Sources */ = {
			isa = PBXSourcesBuildPhase;
			buildActionMask = 2147483647;
			files = (
				8457D654233B43C60066FF78 /* Imagure_projectTests.swift in Sources */,
			);
			runOnlyForDeploymentPostprocessing = 0;
		};
/* End PBXSourcesBuildPhase section */

/* Begin PBXTargetDependency section */
		8457D651233B43C60066FF78 /* PBXTargetDependency */ = {
			isa = PBXTargetDependency;
			target = 8457D63A233B43C40066FF78 /* Imagure_project */;
			targetProxy = 8457D650233B43C60066FF78 /* PBXContainerItemProxy */;
		};
/* End PBXTargetDependency section */

/* Begin PBXVariantGroup section */
		8457D642233B43C40066FF78 /* Main.storyboard */ = {
			isa = PBXVariantGroup;
			children = (
				8457D643233B43C40066FF78 /* Base */,
			);
			name = Main.storyboard;
			sourceTree = "<group>";
		};
		8457D647233B43C60066FF78 /* LaunchScreen.storyboard */ = {
			isa = PBXVariantGroup;
			children = (
				8457D648233B43C60066FF78 /* Base */,
			);
			name = LaunchScreen.storyboard;
			sourceTree = "<group>";
		};
/* End PBXVariantGroup section */

/* Begin XCBuildConfiguration section */
		8457D656233B43C60066FF78 /* Debug */ = {
			isa = XCBuildConfiguration;
			buildSettings = {
				ALWAYS_SEARCH_USER_PATHS = NO;
				CLANG_ANALYZER_NONNULL = YES;
				CLANG_ANALYZER_NUMBER_OBJECT_CONVERSION = YES_AGGRESSIVE;
				CLANG_CXX_LANGUAGE_STANDARD = "gnu++14";
				CLANG_CXX_LIBRARY = "libc++";
				CLANG_ENABLE_MODULES = YES;
				CLANG_ENABLE_OBJC_ARC = YES;
				CLANG_ENABLE_OBJC_WEAK = YES;
				CLANG_WARN_BLOCK_CAPTURE_AUTORELEASING = YES;
				CLANG_WARN_BOOL_CONVERSION = YES;
				CLANG_WARN_COMMA = YES;
				CLANG_WARN_CONSTANT_CONVERSION = YES;
				CLANG_WARN_DEPRECATED_OBJC_IMPLEMENTATIONS = YES;
				CLANG_WARN_DIRECT_OBJC_ISA_USAGE = YES_ERROR;
				CLANG_WARN_DOCUMENTATION_COMMENTS = YES;
				CLANG_WARN_EMPTY_BODY = YES;
				CLANG_WARN_ENUM_CONVERSION = YES;
				CLANG_WARN_INFINITE_RECURSION = YES;
				CLANG_WARN_INT_CONVERSION = YES;
				CLANG_WARN_NON_LITERAL_NULL_CONVERSION = YES;
				CLANG_WARN_OBJC_IMPLICIT_RETAIN_SELF = YES;
				CLANG_WARN_OBJC_LITERAL_CONVERSION = YES;
				CLANG_WARN_OBJC_ROOT_CLASS = YES_ERROR;
				CLANG_WARN_RANGE_LOOP_ANALYSIS = YES;
				CLANG_WARN_STRICT_PROTOTYPES = YES;
				CLANG_WARN_SUSPICIOUS_MOVE = YES;
				CLANG_WARN_UNGUARDED_AVAILABILITY = YES_AGGRESSIVE;
				CLANG_WARN_UNREACHABLE_CODE = YES;
				CLANG_WARN__DUPLICATE_METHOD_MATCH = YES;
				CODE_SIGN_IDENTITY = "iPhone Developer";
				COPY_PHASE_STRIP = NO;
				DEBUG_INFORMATION_FORMAT = dwarf;
				ENABLE_STRICT_OBJC_MSGSEND = YES;
				ENABLE_TESTABILITY = YES;
				GCC_C_LANGUAGE_STANDARD = gnu11;
				GCC_DYNAMIC_NO_PIC = NO;
				GCC_NO_COMMON_BLOCKS = YES;
				GCC_OPTIMIZATION_LEVEL = 0;
				GCC_PREPROCESSOR_DEFINITIONS = (
					"DEBUG=1",
					"$(inherited)",
				);
				GCC_WARN_64_TO_32_BIT_CONVERSION = YES;
				GCC_WARN_ABOUT_RETURN_TYPE = YES_ERROR;
				GCC_WARN_UNDECLARED_SELECTOR = YES;
				GCC_WARN_UNINITIALIZED_AUTOS = YES_AGGRESSIVE;
				GCC_WARN_UNUSED_FUNCTION = YES;
				GCC_WARN_UNUSED_VARIABLE = YES;
				IPHONEOS_DEPLOYMENT_TARGET = 12.2;
				MTL_ENABLE_DEBUG_INFO = INCLUDE_SOURCE;
				MTL_FAST_MATH = YES;
				ONLY_ACTIVE_ARCH = YES;
				SDKROOT = iphoneos;
				SWIFT_ACTIVE_COMPILATION_CONDITIONS = DEBUG;
				SWIFT_OPTIMIZATION_LEVEL = "-Onone";
			};
			name = Debug;
		};
		8457D657233B43C60066FF78 /* Release */ = {
			isa = XCBuildConfiguration;
			buildSettings = {
				ALWAYS_SEARCH_USER_PATHS = NO;
				CLANG_ANALYZER_NONNULL = YES;
				CLANG_ANALYZER_NUMBER_OBJECT_CONVERSION = YES_AGGRESSIVE;
				CLANG_CXX_LANGUAGE_STANDARD = "gnu++14";
				CLANG_CXX_LIBRARY = "libc++";
				CLANG_ENABLE_MODULES = YES;
				CLANG_ENABLE_OBJC_ARC = YES;
				CLANG_ENABLE_OBJC_WEAK = YES;
				CLANG_WARN_BLOCK_CAPTURE_AUTORELEASING = YES;
				CLANG_WARN_BOOL_CONVERSION = YES;
				CLANG_WARN_COMMA = YES;
				CLANG_WARN_CONSTANT_CONVERSION = YES;
				CLANG_WARN_DEPRECATED_OBJC_IMPLEMENTATIONS = YES;
				CLANG_WARN_DIRECT_OBJC_ISA_USAGE = YES_ERROR;
				CLANG_WARN_DOCUMENTATION_COMMENTS = YES;
				CLANG_WARN_EMPTY_BODY = YES;
				CLANG_WARN_ENUM_CONVERSION = YES;
				CLANG_WARN_INFINITE_RECURSION = YES;
				CLANG_WARN_INT_CONVERSION = YES;
				CLANG_WARN_NON_LITERAL_NULL_CONVERSION = YES;
				CLANG_WARN_OBJC_IMPLICIT_RETAIN_SELF = YES;
				CLANG_WARN_OBJC_LITERAL_CONVERSION = YES;
				CLANG_WARN_OBJC_ROOT_CLASS = YES_ERROR;
				CLANG_WARN_RANGE_LOOP_ANALYSIS = YES;
				CLANG_WARN_STRICT_PROTOTYPES = YES;
				CLANG_WARN_SUSPICIOUS_MOVE = YES;
				CLANG_WARN_UNGUARDED_AVAILABILITY = YES_AGGRESSIVE;
				CLANG_WARN_UNREACHABLE_CODE = YES;
				CLANG_WARN__DUPLICATE_METHOD_MATCH = YES;
				CODE_SIGN_IDENTITY = "iPhone Developer";
				COPY_PHASE_STRIP = NO;
				DEBUG_INFORMATION_FORMAT = "dwarf-with-dsym";
				ENABLE_NS_ASSERTIONS = NO;
				ENABLE_STRICT_OBJC_MSGSEND = YES;
				GCC_C_LANGUAGE_STANDARD = gnu11;
				GCC_NO_COMMON_BLOCKS = YES;
				GCC_WARN_64_TO_32_BIT_CONVERSION = YES;
				GCC_WARN_ABOUT_RETURN_TYPE = YES_ERROR;
				GCC_WARN_UNDECLARED_SELECTOR = YES;
				GCC_WARN_UNINITIALIZED_AUTOS = YES_AGGRESSIVE;
				GCC_WARN_UNUSED_FUNCTION = YES;
				GCC_WARN_UNUSED_VARIABLE = YES;
				IPHONEOS_DEPLOYMENT_TARGET = 12.2;
				MTL_ENABLE_DEBUG_INFO = NO;
				MTL_FAST_MATH = YES;
				SDKROOT = iphoneos;
				SWIFT_COMPILATION_MODE = wholemodule;
				SWIFT_OPTIMIZATION_LEVEL = "-O";
				VALIDATE_PRODUCT = YES;
			};
			name = Release;
		};
		8457D659233B43C60066FF78 /* Debug */ = {
			isa = XCBuildConfiguration;
			buildSettings = {
				ASSETCATALOG_COMPILER_APPICON_NAME = AppIcon;
				CODE_SIGN_STYLE = Automatic;
				DEVELOPMENT_TEAM = YV87LWGXGF;
				INFOPLIST_FILE = Imagure_project/Info.plist;
				LD_RUNPATH_SEARCH_PATHS = (
					"$(inherited)",
					"@executable_path/Frameworks",
				);
				PRODUCT_BUNDLE_IDENTIFIER = "com.app.Imagure-project";
				PRODUCT_NAME = "$(TARGET_NAME)";
				SWIFT_VERSION = 5.0;
				TARGETED_DEVICE_FAMILY = "1,2";
			};
			name = Debug;
		};
		8457D65A233B43C60066FF78 /* Release */ = {
			isa = XCBuildConfiguration;
			buildSettings = {
				ASSETCATALOG_COMPILER_APPICON_NAME = AppIcon;
				CODE_SIGN_STYLE = Automatic;
				DEVELOPMENT_TEAM = YV87LWGXGF;
				INFOPLIST_FILE = Imagure_project/Info.plist;
				LD_RUNPATH_SEARCH_PATHS = (
					"$(inherited)",
					"@executable_path/Frameworks",
				);
				PRODUCT_BUNDLE_IDENTIFIER = "com.app.Imagure-project";
				PRODUCT_NAME = "$(TARGET_NAME)";
				SWIFT_VERSION = 5.0;
				TARGETED_DEVICE_FAMILY = "1,2";
			};
			name = Release;
		};
		8457D65C233B43C60066FF78 /* Debug */ = {
			isa = XCBuildConfiguration;
			buildSettings = {
				ALWAYS_EMBED_SWIFT_STANDARD_LIBRARIES = YES;
				BUNDLE_LOADER = "$(TEST_HOST)";
				CODE_SIGN_STYLE = Automatic;
				DEVELOPMENT_TEAM = YV87LWGXGF;
				INFOPLIST_FILE = Imagure_projectTests/Info.plist;
				LD_RUNPATH_SEARCH_PATHS = (
					"$(inherited)",
					"@executable_path/Frameworks",
					"@loader_path/Frameworks",
				);
				PRODUCT_BUNDLE_IDENTIFIER = "com.app.Imagure-projectTests";
				PRODUCT_NAME = "$(TARGET_NAME)";
				SWIFT_VERSION = 5.0;
				TARGETED_DEVICE_FAMILY = "1,2";
				TEST_HOST = "$(BUILT_PRODUCTS_DIR)/Imagure_project.app/Imagure_project";
			};
			name = Debug;
		};
		8457D65D233B43C60066FF78 /* Release */ = {
			isa = XCBuildConfiguration;
			buildSettings = {
				ALWAYS_EMBED_SWIFT_STANDARD_LIBRARIES = YES;
				BUNDLE_LOADER = "$(TEST_HOST)";
				CODE_SIGN_STYLE = Automatic;
				DEVELOPMENT_TEAM = YV87LWGXGF;
				INFOPLIST_FILE = Imagure_projectTests/Info.plist;
				LD_RUNPATH_SEARCH_PATHS = (
					"$(inherited)",
					"@executable_path/Frameworks",
					"@loader_path/Frameworks",
				);
				PRODUCT_BUNDLE_IDENTIFIER = "com.app.Imagure-projectTests";
				PRODUCT_NAME = "$(TARGET_NAME)";
				SWIFT_VERSION = 5.0;
				TARGETED_DEVICE_FAMILY = "1,2";
				TEST_HOST = "$(BUILT_PRODUCTS_DIR)/Imagure_project.app/Imagure_project";
			};
			name = Release;
		};
/* End XCBuildConfiguration section */

/* Begin XCConfigurationList section */
		8457D636233B43C40066FF78 /* Build configuration list for PBXProject "Imagure_project" */ = {
			isa = XCConfigurationList;
			buildConfigurations = (
				8457D656233B43C60066FF78 /* Debug */,
				8457D657233B43C60066FF78 /* Release */,
			);
			defaultConfigurationIsVisible = 0;
			defaultConfigurationName = Release;
		};
		8457D658233B43C60066FF78 /* Build configuration list for PBXNativeTarget "Imagure_project" */ = {
			isa = XCConfigurationList;
			buildConfigurations = (
				8457D659233B43C60066FF78 /* Debug */,
				8457D65A233B43C60066FF78 /* Release */,
			);
			defaultConfigurationIsVisible = 0;
			defaultConfigurationName = Release;
		};
		8457D65B233B43C60066FF78 /* Build configuration list for PBXNativeTarget "Imagure_projectTests" */ = {
			isa = XCConfigurationList;
			buildConfigurations = (
				8457D65C233B43C60066FF78 /* Debug */,
				8457D65D233B43C60066FF78 /* Release */,
			);
			defaultConfigurationIsVisible = 0;
			defaultConfigurationName = Release;
		};
/* End XCConfigurationList section */
	};
	rootObject = 8457D633233B43C40066FF78 /* Project object */;
}
