// !$*UTF8*$!
{
	archiveVersion = 1;
	classes = {
	};
	objectVersion = 50;
	objects = {

/* Begin PBXBuildFile section */
		845E782B2354D98000D35296 /* AppDelegate.swift in Sources */ = {isa = PBXBuildFile; fileRef = 845E782A2354D98000D35296 /* AppDelegate.swift */; };
		845E782D2354D98000D35296 /* SceneDelegate.swift in Sources */ = {isa = PBXBuildFile; fileRef = 845E782C2354D98000D35296 /* SceneDelegate.swift */; };
		845E782F2354D98000D35296 /* ViewController.swift in Sources */ = {isa = PBXBuildFile; fileRef = 845E782E2354D98000D35296 /* ViewController.swift */; };
		845E78322354D98000D35296 /* Main.storyboard in Resources */ = {isa = PBXBuildFile; fileRef = 845E78302354D98000D35296 /* Main.storyboard */; };
		845E78352354D98000D35296 /* ImageLoadingFromURL.xcdatamodeld in Sources */ = {isa = PBXBuildFile; fileRef = 845E78332354D98000D35296 /* ImageLoadingFromURL.xcdatamodeld */; };
		845E78372354D98200D35296 /* Assets.xcassets in Resources */ = {isa = PBXBuildFile; fileRef = 845E78362354D98200D35296 /* Assets.xcassets */; };
		845E783A2354D98200D35296 /* LaunchScreen.storyboard in Resources */ = {isa = PBXBuildFile; fileRef = 845E78382354D98200D35296 /* LaunchScreen.storyboard */; };
/* End PBXBuildFile section */

/* Begin PBXFileReference section */
		845E78272354D98000D35296 /* ImageLoadingFromURL.app */ = {isa = PBXFileReference; explicitFileType = wrapper.application; includeInIndex = 0; path = ImageLoadingFromURL.app; sourceTree = BUILT_PRODUCTS_DIR; };
		845E782A2354D98000D35296 /* AppDelegate.swift */ = {isa = PBXFileReference; lastKnownFileType = sourcecode.swift; path = AppDelegate.swift; sourceTree = "<group>"; };
		845E782C2354D98000D35296 /* SceneDelegate.swift */ = {isa = PBXFileReference; lastKnownFileType = sourcecode.swift; path = SceneDelegate.swift; sourceTree = "<group>"; };
		845E782E2354D98000D35296 /* ViewController.swift */ = {isa = PBXFileReference; lastKnownFileType = sourcecode.swift; path = ViewController.swift; sourceTree = "<group>"; };
		845E78312354D98000D35296 /* Base */ = {isa = PBXFileReference; lastKnownFileType = file.storyboard; name = Base; path = Base.lproj/Main.storyboard; sourceTree = "<group>"; };
		845E78342354D98000D35296 /* ImageLoadingFromURL.xcdatamodel */ = {isa = PBXFileReference; lastKnownFileType = wrapper.xcdatamodel; path = ImageLoadingFromURL.xcdatamodel; sourceTree = "<group>"; };
		845E78362354D98200D35296 /* Assets.xcassets */ = {isa = PBXFileReference; lastKnownFileType = folder.assetcatalog; path = Assets.xcassets; sourceTree = "<group>"; };
		845E78392354D98200D35296 /* Base */ = {isa = PBXFileReference; lastKnownFileType = file.storyboard; name = Base; path = Base.lproj/LaunchScreen.storyboard; sourceTree = "<group>"; };
		845E783B2354D98200D35296 /* Info.plist */ = {isa = PBXFileReference; lastKnownFileType = text.plist.xml; path = Info.plist; sourceTree = "<group>"; };
/* End PBXFileReference section */

/* Begin PBXFrameworksBuildPhase section */
		845E78242354D98000D35296 /* Frameworks */ = {
			isa = PBXFrameworksBuildPhase;
			buildActionMask = 2147483647;
			files = (
			);
			runOnlyForDeploymentPostprocessing = 0;
		};
/* End PBXFrameworksBuildPhase section */

/* Begin PBXGroup section */
		845E781E2354D98000D35296 = {
			isa = PBXGroup;
			children = (
				845E78292354D98000D35296 /* ImageLoadingFromURL */,
				845E78282354D98000D35296 /* Products */,
			);
			sourceTree = "<group>";
		};
		845E78282354D98000D35296 /* Products */ = {
			isa = PBXGroup;
			children = (
				845E78272354D98000D35296 /* ImageLoadingFromURL.app */,
			);
			name = Products;
			sourceTree = "<group>";
		};
		845E78292354D98000D35296 /* ImageLoadingFromURL */ = {
			isa = PBXGroup;
			children = (
				845E782A2354D98000D35296 /* AppDelegate.swift */,
				845E782C2354D98000D35296 /* SceneDelegate.swift */,
				845E782E2354D98000D35296 /* ViewController.swift */,
				845E78302354D98000D35296 /* Main.storyboard */,
				845E78362354D98200D35296 /* Assets.xcassets */,
				845E78382354D98200D35296 /* LaunchScreen.storyboard */,
				845E783B2354D98200D35296 /* Info.plist */,
				845E78332354D98000D35296 /* ImageLoadingFromURL.xcdatamodeld */,
			);
			path = ImageLoadingFromURL;
			sourceTree = "<group>";
		};
/* End PBXGroup section */

/* Begin PBXNativeTarget section */
		845E78262354D98000D35296 /* ImageLoadingFromURL */ = {
			isa = PBXNativeTarget;
			buildConfigurationList = 845E783E2354D98200D35296 /* Build configuration list for PBXNativeTarget "ImageLoadingFromURL" */;
			buildPhases = (
				845E78232354D98000D35296 /* Sources */,
				845E78242354D98000D35296 /* Frameworks */,
				845E78252354D98000D35296 /* Resources */,
			);
			buildRules = (
			);
			dependencies = (
			);
			name = ImageLoadingFromURL;
			productName = ImageLoadingFromURL;
			productReference = 845E78272354D98000D35296 /* ImageLoadingFromURL.app */;
			productType = "com.apple.product-type.application";
		};
/* End PBXNativeTarget section */

/* Begin PBXProject section */
		845E781F2354D98000D35296 /* Project object */ = {
			isa = PBXProject;
			attributes = {
				LastSwiftUpdateCheck = 1110;
				LastUpgradeCheck = 1110;
				ORGANIZATIONNAME = Appinventiv;
				TargetAttributes = {
					845E78262354D98000D35296 = {
						CreatedOnToolsVersion = 11.1;
					};
				};
			};
			buildConfigurationList = 845E78222354D98000D35296 /* Build configuration list for PBXProject "ImageLoadingFromURL" */;
			compatibilityVersion = "Xcode 9.3";
			developmentRegion = en;
			hasScannedForEncodings = 0;
			knownRegions = (
				en,
				Base,
			);
			mainGroup = 845E781E2354D98000D35296;
			productRefGroup = 845E78282354D98000D35296 /* Products */;
			projectDirPath = "";
			projectRoot = "";
			targets = (
				845E78262354D98000D35296 /* ImageLoadingFromURL */,
			);
		};
/* End PBXProject section */

/* Begin PBXResourcesBuildPhase section */
		845E78252354D98000D35296 /* Resources */ = {
			isa = PBXResourcesBuildPhase;
			buildActionMask = 2147483647;
			files = (
				845E783A2354D98200D35296 /* LaunchScreen.storyboard in Resources */,
				845E78372354D98200D35296 /* Assets.xcassets in Resources */,
				845E78322354D98000D35296 /* Main.storyboard in Resources */,
			);
			runOnlyForDeploymentPostprocessing = 0;
		};
/* End PBXResourcesBuildPhase section */

/* Begin PBXSourcesBuildPhase section */
		845E78232354D98000D35296 /* Sources */ = {
			isa = PBXSourcesBuildPhase;
			buildActionMask = 2147483647;
			files = (
				845E78352354D98000D35296 /* ImageLoadingFromURL.xcdatamodeld in Sources */,
				845E782F2354D98000D35296 /* ViewController.swift in Sources */,
				845E782B2354D98000D35296 /* AppDelegate.swift in Sources */,
				845E782D2354D98000D35296 /* SceneDelegate.swift in Sources */,
			);
			runOnlyForDeploymentPostprocessing = 0;
		};
/* End PBXSourcesBuildPhase section */

/* Begin PBXVariantGroup section */
		845E78302354D98000D35296 /* Main.storyboard */ = {
			isa = PBXVariantGroup;
			children = (
				845E78312354D98000D35296 /* Base */,
			);
			name = Main.storyboard;
			sourceTree = "<group>";
		};
		845E78382354D98200D35296 /* LaunchScreen.storyboard */ = {
			isa = PBXVariantGroup;
			children = (
				845E78392354D98200D35296 /* Base */,
			);
			name = LaunchScreen.storyboard;
			sourceTree = "<group>";
		};
/* End PBXVariantGroup section */

/* Begin XCBuildConfiguration section */
		845E783C2354D98200D35296 /* Debug */ = {
			isa = XCBuildConfiguration;
			buildSettings = {
				ALWAYS_SEARCH_USER_PATHS = NO;
				CLANG_ANALYZER_NONNULL = YES;
				CLANG_ANALYZER_NUMBER_OBJECT_CONVERSION = YES_AGGRESSIVE;
				CLANG_CXX_LANGUAGE_STANDARD = "gnu++14";
				CLANG_CXX_LIBRARY = "libc++";
				CLANG_ENABLE_MODULES = YES;
				CLANG_ENABLE_OBJC_ARC = YES;
				CLANG_ENABLE_OBJC_WEAK = YES;
				CLANG_WARN_BLOCK_CAPTURE_AUTORELEASING = YES;
				CLANG_WARN_BOOL_CONVERSION = YES;
				CLANG_WARN_COMMA = YES;
				CLANG_WARN_CONSTANT_CONVERSION = YES;
				CLANG_WARN_DEPRECATED_OBJC_IMPLEMENTATIONS = YES;
				CLANG_WARN_DIRECT_OBJC_ISA_USAGE = YES_ERROR;
				CLANG_WARN_DOCUMENTATION_COMMENTS = YES;
				CLANG_WARN_EMPTY_BODY = YES;
				CLANG_WARN_ENUM_CONVERSION = YES;
				CLANG_WARN_INFINITE_RECURSION = YES;
				CLANG_WARN_INT_CONVERSION = YES;
				CLANG_WARN_NON_LITERAL_NULL_CONVERSION = YES;
				CLANG_WARN_OBJC_IMPLICIT_RETAIN_SELF = YES;
				CLANG_WARN_OBJC_LITERAL_CONVERSION = YES;
				CLANG_WARN_OBJC_ROOT_CLASS = YES_ERROR;
				CLANG_WARN_RANGE_LOOP_ANALYSIS = YES;
				CLANG_WARN_STRICT_PROTOTYPES = YES;
				CLANG_WARN_SUSPICIOUS_MOVE = YES;
				CLANG_WARN_UNGUARDED_AVAILABILITY = YES_AGGRESSIVE;
				CLANG_WARN_UNREACHABLE_CODE = YES;
				CLANG_WARN__DUPLICATE_METHOD_MATCH = YES;
				COPY_PHASE_STRIP = NO;
				DEBUG_INFORMATION_FORMAT = dwarf;
				ENABLE_STRICT_OBJC_MSGSEND = YES;
				ENABLE_TESTABILITY = YES;
				GCC_C_LANGUAGE_STANDARD = gnu11;
				GCC_DYNAMIC_NO_PIC = NO;
				GCC_NO_COMMON_BLOCKS = YES;
				GCC_OPTIMIZATION_LEVEL = 0;
				GCC_PREPROCESSOR_DEFINITIONS = (
					"DEBUG=1",
					"$(inherited)",
				);
				GCC_WARN_64_TO_32_BIT_CONVERSION = YES;
				GCC_WARN_ABOUT_RETURN_TYPE = YES_ERROR;
				GCC_WARN_UNDECLARED_SELECTOR = YES;
				GCC_WARN_UNINITIALIZED_AUTOS = YES_AGGRESSIVE;
				GCC_WARN_UNUSED_FUNCTION = YES;
				GCC_WARN_UNUSED_VARIABLE = YES;
				IPHONEOS_DEPLOYMENT_TARGET = 13.1;
				MTL_ENABLE_DEBUG_INFO = INCLUDE_SOURCE;
				MTL_FAST_MATH = YES;
				ONLY_ACTIVE_ARCH = YES;
				SDKROOT = iphoneos;
				SWIFT_ACTIVE_COMPILATION_CONDITIONS = DEBUG;
				SWIFT_OPTIMIZATION_LEVEL = "-Onone";
			};
			name = Debug;
		};
		845E783D2354D98200D35296 /* Release */ = {
			isa = XCBuildConfiguration;
			buildSettings = {
				ALWAYS_SEARCH_USER_PATHS = NO;
				CLANG_ANALYZER_NONNULL = YES;
				CLANG_ANALYZER_NUMBER_OBJECT_CONVERSION = YES_AGGRESSIVE;
				CLANG_CXX_LANGUAGE_STANDARD = "gnu++14";
				CLANG_CXX_LIBRARY = "libc++";
				CLANG_ENABLE_MODULES = YES;
				CLANG_ENABLE_OBJC_ARC = YES;
				CLANG_ENABLE_OBJC_WEAK = YES;
				CLANG_WARN_BLOCK_CAPTURE_AUTORELEASING = YES;
				CLANG_WARN_BOOL_CONVERSION = YES;
				CLANG_WARN_COMMA = YES;
				CLANG_WARN_CONSTANT_CONVERSION = YES;
				CLANG_WARN_DEPRECATED_OBJC_IMPLEMENTATIONS = YES;
				CLANG_WARN_DIRECT_OBJC_ISA_USAGE = YES_ERROR;
				CLANG_WARN_DOCUMENTATION_COMMENTS = YES;
				CLANG_WARN_EMPTY_BODY = YES;
				CLANG_WARN_ENUM_CONVERSION = YES;
				CLANG_WARN_INFINITE_RECURSION = YES;
				CLANG_WARN_INT_CONVERSION = YES;
				CLANG_WARN_NON_LITERAL_NULL_CONVERSION = YES;
				CLANG_WARN_OBJC_IMPLICIT_RETAIN_SELF = YES;
				CLANG_WARN_OBJC_LITERAL_CONVERSION = YES;
				CLANG_WARN_OBJC_ROOT_CLASS = YES_ERROR;
				CLANG_WARN_RANGE_LOOP_ANALYSIS = YES;
				CLANG_WARN_STRICT_PROTOTYPES = YES;
				CLANG_WARN_SUSPICIOUS_MOVE = YES;
				CLANG_WARN_UNGUARDED_AVAILABILITY = YES_AGGRESSIVE;
				CLANG_WARN_UNREACHABLE_CODE = YES;
				CLANG_WARN__DUPLICATE_METHOD_MATCH = YES;
				COPY_PHASE_STRIP = NO;
				DEBUG_INFORMATION_FORMAT = "dwarf-with-dsym";
				ENABLE_NS_ASSERTIONS = NO;
				ENABLE_STRICT_OBJC_MSGSEND = YES;
				GCC_C_LANGUAGE_STANDARD = gnu11;
				GCC_NO_COMMON_BLOCKS = YES;
				GCC_WARN_64_TO_32_BIT_CONVERSION = YES;
				GCC_WARN_ABOUT_RETURN_TYPE = YES_ERROR;
				GCC_WARN_UNDECLARED_SELECTOR = YES;
				GCC_WARN_UNINITIALIZED_AUTOS = YES_AGGRESSIVE;
				GCC_WARN_UNUSED_FUNCTION = YES;
				GCC_WARN_UNUSED_VARIABLE = YES;
				IPHONEOS_DEPLOYMENT_TARGET = 13.1;
				MTL_ENABLE_DEBUG_INFO = NO;
				MTL_FAST_MATH = YES;
				SDKROOT = iphoneos;
				SWIFT_COMPILATION_MODE = wholemodule;
				SWIFT_OPTIMIZATION_LEVEL = "-O";
				VALIDATE_PRODUCT = YES;
			};
			name = Release;
		};
		845E783F2354D98200D35296 /* Debug */ = {
			isa = XCBuildConfiguration;
			buildSettings = {
				ASSETCATALOG_COMPILER_APPICON_NAME = AppIcon;
				CODE_SIGN_STYLE = Automatic;
				INFOPLIST_FILE = ImageLoadingFromURL/Info.plist;
				LD_RUNPATH_SEARCH_PATHS = (
					"$(inherited)",
					"@executable_path/Frameworks",
				);
				PRODUCT_BUNDLE_IDENTIFIER = com.app.ImageLoadingFromURL;
				PRODUCT_NAME = "$(TARGET_NAME)";
				SWIFT_VERSION = 5.0;
				TARGETED_DEVICE_FAMILY = "1,2";
			};
			name = Debug;
		};
		845E78402354D98200D35296 /* Release */ = {
			isa = XCBuildConfiguration;
			buildSettings = {
				ASSETCATALOG_COMPILER_APPICON_NAME = AppIcon;
				CODE_SIGN_STYLE = Automatic;
				INFOPLIST_FILE = ImageLoadingFromURL/Info.plist;
				LD_RUNPATH_SEARCH_PATHS = (
					"$(inherited)",
					"@executable_path/Frameworks",
				);
				PRODUCT_BUNDLE_IDENTIFIER = com.app.ImageLoadingFromURL;
				PRODUCT_NAME = "$(TARGET_NAME)";
				SWIFT_VERSION = 5.0;
				TARGETED_DEVICE_FAMILY = "1,2";
			};
			name = Release;
		};
/* End XCBuildConfiguration section */

/* Begin XCConfigurationList section */
		845E78222354D98000D35296 /* Build configuration list for PBXProject "ImageLoadingFromURL" */ = {
			isa = XCConfigurationList;
			buildConfigurations = (
				845E783C2354D98200D35296 /* Debug */,
				845E783D2354D98200D35296 /* Release */,
			);
			defaultConfigurationIsVisible = 0;
			defaultConfigurationName = Release;
		};
		845E783E2354D98200D35296 /* Build configuration list for PBXNativeTarget "ImageLoadingFromURL" */ = {
			isa = XCConfigurationList;
			buildConfigurations = (
				845E783F2354D98200D35296 /* Debug */,
				845E78402354D98200D35296 /* Release */,
			);
			defaultConfigurationIsVisible = 0;
			defaultConfigurationName = Release;
		};
/* End XCConfigurationList section */

/* Begin XCVersionGroup section */
		845E78332354D98000D35296 /* ImageLoadingFromURL.xcdatamodeld */ = {
			isa = XCVersionGroup;
			children = (
				845E78342354D98000D35296 /* ImageLoadingFromURL.xcdatamodel */,
			);
			currentVersion = 845E78342354D98000D35296 /* ImageLoadingFromURL.xcdatamodel */;
			path = ImageLoadingFromURL.xcdatamodeld;
			sourceTree = "<group>";
			versionGroupType = wrapper.xcdatamodel;
		};
/* End XCVersionGroup section */
	};
	rootObject = 845E781F2354D98000D35296 /* Project object */;
}
