PODS:
  - AWSCognito (2.11.1):
    - AWSCore (= 2.11.1)
  - AWSCore (2.11.1)
  - AWSS3 (2.11.1):
    - AWSCore (= 2.11.1)

DEPENDENCIES:
  - AWSCognito
  - AWSCore
  - AWSS3

SPEC REPOS:
  https://github.com/cocoapods/specs.git:
    - AWSCognito
    - AWSCore
    - AWSS3

SPEC CHECKSUMS:
  AWSCognito: cadd5d3ef3b24f8c26365eedfa0730fbc20c8117
  AWSCore: 00093a1ff49b5d6ce5f1e4d83fe301486fc5034d
  AWSS3: 738419b8039230423e4734556983a463466a9d7a

PODFILE CHECKSUM: 3662aa1bf0105960d92d6396ff15f491da07a969

COCOAPODS: 1.7.5
